
Microsoft Visual Studio Solution File, Format Version 12.00
# Visual Studio 15
VisualStudioVersion = 15.0.26730.16
MinimumVisualStudioVersion = 10.0.40219.1
Project("{FAE04EC0-301F-11D3-BF4B-00C04F79EFBC}") = "Mega Man Xvan", "Mega Man Xvan\Mega Man Xvan.csproj", "{55AD8C1E-FA85-4E17-ADA8-820F81B2A799}"
EndProject
Project("{FAE04EC0-301F-11D3-BF4B-00C04F79EFBC}") = "SharpDX.Samples", "..\SharpDX-Samples\Desktop\Common\SharpDX.Samples.csproj", "{93716298-9FA4-4002-AE0B-4C9F4705CCEA}"
EndProject
Project("{FAE04EC0-301F-11D3-BF4B-00C04F79EFBC}") = "SpriteBatchTest2", "SpriteBatchTest2\SpriteBatchTest2.csproj", "{12835190-3A20-4FD3-A684-51767C05E971}"
EndProject
Global
	GlobalSection(SolutionConfigurationPlatforms) = preSolution
		Debug|Any CPU = Debug|Any CPU
		Debug|ARM = Debug|ARM
		Debug|x64 = Debug|x64
		Debug|x86 = Debug|x86
		Release|Any CPU = Release|Any CPU
		Release|ARM = Release|ARM
		Release|x64 = Release|x64
		Release|x86 = Release|x86
	EndGlobalSection
	GlobalSection(ProjectConfigurationPlatforms) = postSolution
		{55AD8C1E-FA85-4E17-ADA8-820F81B2A799}.Debug|Any CPU.ActiveCfg = Debug|Any CPU
		{55AD8C1E-FA85-4E17-ADA8-820F81B2A799}.Debug|Any CPU.Build.0 = Debug|Any CPU
		{55AD8C1E-FA85-4E17-ADA8-820F81B2A799}.Debug|ARM.ActiveCfg = Debug|Any CPU
		{55AD8C1E-FA85-4E17-ADA8-820F81B2A799}.Debug|ARM.Build.0 = Debug|Any CPU
		{55AD8C1E-FA85-4E17-ADA8-820F81B2A799}.Debug|x64.ActiveCfg = Debug|Any CPU
		{55AD8C1E-FA85-4E17-ADA8-820F81B2A799}.Debug|x64.Build.0 = Debug|Any CPU
		{55AD8C1E-FA85-4E17-ADA8-820F81B2A799}.Debug|x86.ActiveCfg = Debug|Any CPU
		{55AD8C1E-FA85-4E17-ADA8-820F81B2A799}.Debug|x86.Build.0 = Debug|Any CPU
		{55AD8C1E-FA85-4E17-ADA8-820F81B2A799}.Release|Any CPU.ActiveCfg = Release|Any CPU
		{55AD8C1E-FA85-4E17-ADA8-820F81B2A799}.Release|Any CPU.Build.0 = Release|Any CPU
		{55AD8C1E-FA85-4E17-ADA8-820F81B2A799}.Release|ARM.ActiveCfg = Release|Any CPU
		{55AD8C1E-FA85-4E17-ADA8-820F81B2A799}.Release|ARM.Build.0 = Release|Any CPU
		{55AD8C1E-FA85-4E17-ADA8-820F81B2A799}.Release|x64.ActiveCfg = Release|Any CPU
		{55AD8C1E-FA85-4E17-ADA8-820F81B2A799}.Release|x64.Build.0 = Release|Any CPU
		{55AD8C1E-FA85-4E17-ADA8-820F81B2A799}.Release|x86.ActiveCfg = Release|Any CPU
		{55AD8C1E-FA85-4E17-ADA8-820F81B2A799}.Release|x86.Build.0 = Release|Any CPU
		{93716298-9FA4-4002-AE0B-4C9F4705CCEA}.Debug|Any CPU.ActiveCfg = Debug|Any CPU
		{93716298-9FA4-4002-AE0B-4C9F4705CCEA}.Debug|Any CPU.Build.0 = Debug|Any CPU
		{93716298-9FA4-4002-AE0B-4C9F4705CCEA}.Debug|ARM.ActiveCfg = Debug|Any CPU
		{93716298-9FA4-4002-AE0B-4C9F4705CCEA}.Debug|ARM.Build.0 = Debug|Any CPU
		{93716298-9FA4-4002-AE0B-4C9F4705CCEA}.Debug|x64.ActiveCfg = Debug|Any CPU
		{93716298-9FA4-4002-AE0B-4C9F4705CCEA}.Debug|x64.Build.0 = Debug|Any CPU
		{93716298-9FA4-4002-AE0B-4C9F4705CCEA}.Debug|x86.ActiveCfg = Debug|Any CPU
		{93716298-9FA4-4002-AE0B-4C9F4705CCEA}.Debug|x86.Build.0 = Debug|Any CPU
		{93716298-9FA4-4002-AE0B-4C9F4705CCEA}.Release|Any CPU.ActiveCfg = Release|Any CPU
		{93716298-9FA4-4002-AE0B-4C9F4705CCEA}.Release|Any CPU.Build.0 = Release|Any CPU
		{93716298-9FA4-4002-AE0B-4C9F4705CCEA}.Release|ARM.ActiveCfg = Release|Any CPU
		{93716298-9FA4-4002-AE0B-4C9F4705CCEA}.Release|ARM.Build.0 = Release|Any CPU
		{93716298-9FA4-4002-AE0B-4C9F4705CCEA}.Release|x64.ActiveCfg = Release|Any CPU
		{93716298-9FA4-4002-AE0B-4C9F4705CCEA}.Release|x64.Build.0 = Release|Any CPU
		{93716298-9FA4-4002-AE0B-4C9F4705CCEA}.Release|x86.ActiveCfg = Release|Any CPU
		{93716298-9FA4-4002-AE0B-4C9F4705CCEA}.Release|x86.Build.0 = Release|Any CPU
		{12835190-3A20-4FD3-A684-51767C05E971}.Debug|Any CPU.ActiveCfg = Debug|Any CPU
		{12835190-3A20-4FD3-A684-51767C05E971}.Debug|Any CPU.Build.0 = Debug|Any CPU
		{12835190-3A20-4FD3-A684-51767C05E971}.Debug|ARM.ActiveCfg = Debug|Any CPU
		{12835190-3A20-4FD3-A684-51767C05E971}.Debug|ARM.Build.0 = Debug|Any CPU
		{12835190-3A20-4FD3-A684-51767C05E971}.Debug|x64.ActiveCfg = Debug|Any CPU
		{12835190-3A20-4FD3-A684-51767C05E971}.Debug|x64.Build.0 = Debug|Any CPU
		{12835190-3A20-4FD3-A684-51767C05E971}.Debug|x86.ActiveCfg = Debug|Any CPU
		{12835190-3A20-4FD3-A684-51767C05E971}.Debug|x86.Build.0 = Debug|Any CPU
		{12835190-3A20-4FD3-A684-51767C05E971}.Release|Any CPU.ActiveCfg = Release|Any CPU
		{12835190-3A20-4FD3-A684-51767C05E971}.Release|Any CPU.Build.0 = Release|Any CPU
		{12835190-3A20-4FD3-A684-51767C05E971}.Release|ARM.ActiveCfg = Release|Any CPU
		{12835190-3A20-4FD3-A684-51767C05E971}.Release|ARM.Build.0 = Release|Any CPU
		{12835190-3A20-4FD3-A684-51767C05E971}.Release|x64.ActiveCfg = Release|Any CPU
		{12835190-3A20-4FD3-A684-51767C05E971}.Release|x64.Build.0 = Release|Any CPU
		{12835190-3A20-4FD3-A684-51767C05E971}.Release|x86.ActiveCfg = Release|Any CPU
		{12835190-3A20-4FD3-A684-51767C05E971}.Release|x86.Build.0 = Release|Any CPU
	EndGlobalSection
	GlobalSection(SolutionProperties) = preSolution
		HideSolutionNode = FALSE
	EndGlobalSection
	GlobalSection(ExtensibilityGlobals) = postSolution
		SolutionGuid = {D9323DAA-0566-470B-9FF5-2589FFE88A06}
	EndGlobalSection
EndGlobal
